
Microsoft Visual Studio Solution File, Format Version 12.00
# Visual Studio Version 17
VisualStudioVersion = 17.11.35327.3
MinimumVisualStudioVersion = 10.0.40219.1
Project("{FAE04EC0-301F-11D3-BF4B-00C04F79EFBC}") = "testgit", "testgit.csproj", "{BF5F0BB1-3DF7-4E22-8076-7592BA22B251}"
EndProject
Global
	GlobalSection(SolutionConfigurationPlatforms) = preSolution
		Debug|Any CPU = Debug|Any CPU
		Release|Any CPU = Release|Any CPU
	EndGlobalSection
	GlobalSection(ProjectConfigurationPlatforms) = postSolution
		{BF5F0BB1-3DF7-4E22-8076-7592BA22B251}.Debug|Any CPU.ActiveCfg = Debug|Any CPU
		{BF5F0BB1-3DF7-4E22-8076-7592BA22B251}.Debug|Any CPU.Build.0 = Debug|Any CPU
		{BF5F0BB1-3DF7-4E22-8076-7592BA22B251}.Release|Any CPU.ActiveCfg = Release|Any CPU
		{BF5F0BB1-3DF7-4E22-8076-7592BA22B251}.Release|Any CPU.Build.0 = Release|Any CPU
	EndGlobalSection
	GlobalSection(SolutionProperties) = preSolution
		HideSolutionNode = FALSE
	EndGlobalSection
	GlobalSection(ExtensibilityGlobals) = postSolution
		SolutionGuid = {6740AF27-852D-4954-A4EF-F3F2AA3C5AA5}
	EndGlobalSection
EndGlobal
